
Microsoft Visual Studio Solution File, Format Version 12.00
# Visual Studio Version 17
VisualStudioVersion = 17.4.33110.190
MinimumVisualStudioVersion = 10.0.40219.1
Project("{FAE04EC0-301F-11D3-BF4B-00C04F79EFBC}") = "PW-Lab11", "PW-Lab11\PW-Lab11.csproj", "{2A800396-610D-4257-8CBA-CC6816A1BAB4}"
EndProject
Global
	GlobalSection(SolutionConfigurationPlatforms) = preSolution
		Debug|Any CPU = Debug|Any CPU
		Release|Any CPU = Release|Any CPU
	EndGlobalSection
	GlobalSection(ProjectConfigurationPlatforms) = postSolution
		{2A800396-610D-4257-8CBA-CC6816A1BAB4}.Debug|Any CPU.ActiveCfg = Debug|Any CPU
		{2A800396-610D-4257-8CBA-CC6816A1BAB4}.Debug|Any CPU.Build.0 = Debug|Any CPU
		{2A800396-610D-4257-8CBA-CC6816A1BAB4}.Release|Any CPU.ActiveCfg = Release|Any CPU
		{2A800396-610D-4257-8CBA-CC6816A1BAB4}.Release|Any CPU.Build.0 = Release|Any CPU
	EndGlobalSection
	GlobalSection(SolutionProperties) = preSolution
		HideSolutionNode = FALSE
	EndGlobalSection
	GlobalSection(ExtensibilityGlobals) = postSolution
		SolutionGuid = {75E860F7-2F76-4927-B058-34474D80DDE1}
	EndGlobalSection
EndGlobal
